
Microsoft Visual Studio Solution File, Format Version 12.00
# Visual Studio Version 17
VisualStudioVersion = 17.2.32519.379
MinimumVisualStudioVersion = 10.0.40219.1
Project("{9A19103F-16F7-4668-BE54-9A1E7A4F7556}") = "ListRandom", "ListRandom\ListRandom.csproj", "{19FE06A0-E769-430A-B7C5-8239B768AD15}"
EndProject
Project("{FAE04EC0-301F-11D3-BF4B-00C04F79EFBC}") = "ListRandom.Tests", "ListRandom.Tests\ListRandom.Tests.csproj", "{294750FF-C43F-4A97-9105-8A0999F7FE4D}"
EndProject
Global
	GlobalSection(SolutionConfigurationPlatforms) = preSolution
		Debug|Any CPU = Debug|Any CPU
		Release|Any CPU = Release|Any CPU
	EndGlobalSection
	GlobalSection(ProjectConfigurationPlatforms) = postSolution
		{19FE06A0-E769-430A-B7C5-8239B768AD15}.Debug|Any CPU.ActiveCfg = Debug|Any CPU
		{19FE06A0-E769-430A-B7C5-8239B768AD15}.Debug|Any CPU.Build.0 = Debug|Any CPU
		{19FE06A0-E769-430A-B7C5-8239B768AD15}.Release|Any CPU.ActiveCfg = Release|Any CPU
		{19FE06A0-E769-430A-B7C5-8239B768AD15}.Release|Any CPU.Build.0 = Release|Any CPU
		{294750FF-C43F-4A97-9105-8A0999F7FE4D}.Debug|Any CPU.ActiveCfg = Debug|Any CPU
		{294750FF-C43F-4A97-9105-8A0999F7FE4D}.Debug|Any CPU.Build.0 = Debug|Any CPU
		{294750FF-C43F-4A97-9105-8A0999F7FE4D}.Release|Any CPU.ActiveCfg = Release|Any CPU
		{294750FF-C43F-4A97-9105-8A0999F7FE4D}.Release|Any CPU.Build.0 = Release|Any CPU
	EndGlobalSection
	GlobalSection(SolutionProperties) = preSolution
		HideSolutionNode = FALSE
	EndGlobalSection
	GlobalSection(ExtensibilityGlobals) = postSolution
		SolutionGuid = {5219063A-D997-47E0-B83B-771AAAB6D34F}
	EndGlobalSection
EndGlobal
